
Microsoft Visual Studio Solution File, Format Version 12.00
# Visual Studio Version 17
VisualStudioVersion = 17.10.35027.167
MinimumVisualStudioVersion = 10.0.40219.1
Project("{9A19103F-16F7-4668-BE54-9A1E7A4F7556}") = "BiBliotecaUser", "BiBliotecaUser.csproj", "{9920A2FC-88E5-43C0-A579-C23DACC505A4}"
EndProject
Global
	GlobalSection(SolutionConfigurationPlatforms) = preSolution
		Debug|Any CPU = Debug|Any CPU
		Release|Any CPU = Release|Any CPU
	EndGlobalSection
	GlobalSection(ProjectConfigurationPlatforms) = postSolution
		{9920A2FC-88E5-43C0-A579-C23DACC505A4}.Debug|Any CPU.ActiveCfg = Debug|Any CPU
		{9920A2FC-88E5-43C0-A579-C23DACC505A4}.Debug|Any CPU.Build.0 = Debug|Any CPU
		{9920A2FC-88E5-43C0-A579-C23DACC505A4}.Release|Any CPU.ActiveCfg = Release|Any CPU
		{9920A2FC-88E5-43C0-A579-C23DACC505A4}.Release|Any CPU.Build.0 = Release|Any CPU
	EndGlobalSection
	GlobalSection(SolutionProperties) = preSolution
		HideSolutionNode = FALSE
	EndGlobalSection
	GlobalSection(ExtensibilityGlobals) = postSolution
		SolutionGuid = {A11391E5-9368-4F81-BB63-B3E68C4FEF02}
	EndGlobalSection
EndGlobal
